
Microsoft Visual Studio Solution File, Format Version 12.00
# Visual Studio 14
VisualStudioVersion = 14.0.25420.1
MinimumVisualStudioVersion = 10.0.40219.1
Project("{FAE04EC0-301F-11D3-BF4B-00C04F79EFBC}") = "Gara_Data", "Gara_Data\Gara_Data.csproj", "{8DACD77F-A62B-4086-9849-D1B79B8B12B4}"
EndProject
Project("{FAE04EC0-301F-11D3-BF4B-00C04F79EFBC}") = "Gara_BUS", "Gara_BUS\Gara_BUS.csproj", "{A06AE4AA-A170-44CA-82D9-48A1F6F0DB17}"
EndProject
Project("{FAE04EC0-301F-11D3-BF4B-00C04F79EFBC}") = "Gara_UI", "GaraVer2\Gara_UI.csproj", "{0265FFF2-D5AD-4FDF-AC60-AABED9C17963}"
EndProject
Project("{FAE04EC0-301F-11D3-BF4B-00C04F79EFBC}") = "CreateDB", "CreateDB\CreateDB.csproj", "{3657D6FB-3F3F-40E5-89BF-18E7241D8E89}"
EndProject
Global
	GlobalSection(SolutionConfigurationPlatforms) = preSolution
		CD_ROM|Any CPU = CD_ROM|Any CPU
		CD_ROM|x64 = CD_ROM|x64
		CD_ROM|x86 = CD_ROM|x86
		Debug|Any CPU = Debug|Any CPU
		Debug|x64 = Debug|x64
		Debug|x86 = Debug|x86
		DVD-5|Any CPU = DVD-5|Any CPU
		DVD-5|x64 = DVD-5|x64
		DVD-5|x86 = DVD-5|x86
		Release|Any CPU = Release|Any CPU
		Release|x64 = Release|x64
		Release|x86 = Release|x86
		SingleImage|Any CPU = SingleImage|Any CPU
		SingleImage|x64 = SingleImage|x64
		SingleImage|x86 = SingleImage|x86
	EndGlobalSection
	GlobalSection(ProjectConfigurationPlatforms) = postSolution
		{8DACD77F-A62B-4086-9849-D1B79B8B12B4}.CD_ROM|Any CPU.ActiveCfg = Release|Any CPU
		{8DACD77F-A62B-4086-9849-D1B79B8B12B4}.CD_ROM|Any CPU.Build.0 = Release|Any CPU
		{8DACD77F-A62B-4086-9849-D1B79B8B12B4}.CD_ROM|x64.ActiveCfg = Release|x64
		{8DACD77F-A62B-4086-9849-D1B79B8B12B4}.CD_ROM|x64.Build.0 = Release|x64
		{8DACD77F-A62B-4086-9849-D1B79B8B12B4}.CD_ROM|x86.ActiveCfg = Release|x86
		{8DACD77F-A62B-4086-9849-D1B79B8B12B4}.CD_ROM|x86.Build.0 = Release|x86
		{8DACD77F-A62B-4086-9849-D1B79B8B12B4}.Debug|Any CPU.ActiveCfg = Debug|Any CPU
		{8DACD77F-A62B-4086-9849-D1B79B8B12B4}.Debug|Any CPU.Build.0 = Debug|Any CPU
		{8DACD77F-A62B-4086-9849-D1B79B8B12B4}.Debug|x64.ActiveCfg = Debug|x64
		{8DACD77F-A62B-4086-9849-D1B79B8B12B4}.Debug|x64.Build.0 = Debug|x64
		{8DACD77F-A62B-4086-9849-D1B79B8B12B4}.Debug|x86.ActiveCfg = Debug|x86
		{8DACD77F-A62B-4086-9849-D1B79B8B12B4}.Debug|x86.Build.0 = Debug|x86
		{8DACD77F-A62B-4086-9849-D1B79B8B12B4}.DVD-5|Any CPU.ActiveCfg = Debug|Any CPU
		{8DACD77F-A62B-4086-9849-D1B79B8B12B4}.DVD-5|Any CPU.Build.0 = Debug|Any CPU
		{8DACD77F-A62B-4086-9849-D1B79B8B12B4}.DVD-5|x64.ActiveCfg = Debug|x64
		{8DACD77F-A62B-4086-9849-D1B79B8B12B4}.DVD-5|x64.Build.0 = Debug|x64
		{8DACD77F-A62B-4086-9849-D1B79B8B12B4}.DVD-5|x86.ActiveCfg = Debug|x86
		{8DACD77F-A62B-4086-9849-D1B79B8B12B4}.DVD-5|x86.Build.0 = Debug|x86
		{8DACD77F-A62B-4086-9849-D1B79B8B12B4}.Release|Any CPU.ActiveCfg = Release|Any CPU
		{8DACD77F-A62B-4086-9849-D1B79B8B12B4}.Release|Any CPU.Build.0 = Release|Any CPU
		{8DACD77F-A62B-4086-9849-D1B79B8B12B4}.Release|x64.ActiveCfg = Release|x64
		{8DACD77F-A62B-4086-9849-D1B79B8B12B4}.Release|x64.Build.0 = Release|x64
		{8DACD77F-A62B-4086-9849-D1B79B8B12B4}.Release|x86.ActiveCfg = Release|x86
		{8DACD77F-A62B-4086-9849-D1B79B8B12B4}.Release|x86.Build.0 = Release|x86
		{8DACD77F-A62B-4086-9849-D1B79B8B12B4}.SingleImage|Any CPU.ActiveCfg = Release|Any CPU
		{8DACD77F-A62B-4086-9849-D1B79B8B12B4}.SingleImage|Any CPU.Build.0 = Release|Any CPU
		{8DACD77F-A62B-4086-9849-D1B79B8B12B4}.SingleImage|x64.ActiveCfg = Release|x64
		{8DACD77F-A62B-4086-9849-D1B79B8B12B4}.SingleImage|x64.Build.0 = Release|x64
		{8DACD77F-A62B-4086-9849-D1B79B8B12B4}.SingleImage|x86.ActiveCfg = Release|x86
		{8DACD77F-A62B-4086-9849-D1B79B8B12B4}.SingleImage|x86.Build.0 = Release|x86
		{A06AE4AA-A170-44CA-82D9-48A1F6F0DB17}.CD_ROM|Any CPU.ActiveCfg = Release|Any CPU
		{A06AE4AA-A170-44CA-82D9-48A1F6F0DB17}.CD_ROM|Any CPU.Build.0 = Release|Any CPU
		{A06AE4AA-A170-44CA-82D9-48A1F6F0DB17}.CD_ROM|x64.ActiveCfg = Release|x64
		{A06AE4AA-A170-44CA-82D9-48A1F6F0DB17}.CD_ROM|x64.Build.0 = Release|x64
		{A06AE4AA-A170-44CA-82D9-48A1F6F0DB17}.CD_ROM|x86.ActiveCfg = Release|x86
		{A06AE4AA-A170-44CA-82D9-48A1F6F0DB17}.CD_ROM|x86.Build.0 = Release|x86
		{A06AE4AA-A170-44CA-82D9-48A1F6F0DB17}.Debug|Any CPU.ActiveCfg = Debug|Any CPU
		{A06AE4AA-A170-44CA-82D9-48A1F6F0DB17}.Debug|Any CPU.Build.0 = Debug|Any CPU
		{A06AE4AA-A170-44CA-82D9-48A1F6F0DB17}.Debug|x64.ActiveCfg = Debug|x64
		{A06AE4AA-A170-44CA-82D9-48A1F6F0DB17}.Debug|x64.Build.0 = Debug|x64
		{A06AE4AA-A170-44CA-82D9-48A1F6F0DB17}.Debug|x86.ActiveCfg = Debug|x86
		{A06AE4AA-A170-44CA-82D9-48A1F6F0DB17}.Debug|x86.Build.0 = Debug|x86
		{A06AE4AA-A170-44CA-82D9-48A1F6F0DB17}.DVD-5|Any CPU.ActiveCfg = Debug|Any CPU
		{A06AE4AA-A170-44CA-82D9-48A1F6F0DB17}.DVD-5|Any CPU.Build.0 = Debug|Any CPU
		{A06AE4AA-A170-44CA-82D9-48A1F6F0DB17}.DVD-5|x64.ActiveCfg = Debug|x64
		{A06AE4AA-A170-44CA-82D9-48A1F6F0DB17}.DVD-5|x64.Build.0 = Debug|x64
		{A06AE4AA-A170-44CA-82D9-48A1F6F0DB17}.DVD-5|x86.ActiveCfg = Debug|x86
		{A06AE4AA-A170-44CA-82D9-48A1F6F0DB17}.DVD-5|x86.Build.0 = Debug|x86
		{A06AE4AA-A170-44CA-82D9-48A1F6F0DB17}.Release|Any CPU.ActiveCfg = Release|Any CPU
		{A06AE4AA-A170-44CA-82D9-48A1F6F0DB17}.Release|Any CPU.Build.0 = Release|Any CPU
		{A06AE4AA-A170-44CA-82D9-48A1F6F0DB17}.Release|x64.ActiveCfg = Release|x64
		{A06AE4AA-A170-44CA-82D9-48A1F6F0DB17}.Release|x64.Build.0 = Release|x64
		{A06AE4AA-A170-44CA-82D9-48A1F6F0DB17}.Release|x86.ActiveCfg = Release|x86
		{A06AE4AA-A170-44CA-82D9-48A1F6F0DB17}.Release|x86.Build.0 = Release|x86
		{A06AE4AA-A170-44CA-82D9-48A1F6F0DB17}.SingleImage|Any CPU.ActiveCfg = Release|Any CPU
		{A06AE4AA-A170-44CA-82D9-48A1F6F0DB17}.SingleImage|Any CPU.Build.0 = Release|Any CPU
		{A06AE4AA-A170-44CA-82D9-48A1F6F0DB17}.SingleImage|x64.ActiveCfg = Release|x64
		{A06AE4AA-A170-44CA-82D9-48A1F6F0DB17}.SingleImage|x64.Build.0 = Release|x64
		{A06AE4AA-A170-44CA-82D9-48A1F6F0DB17}.SingleImage|x86.ActiveCfg = Release|x86
		{A06AE4AA-A170-44CA-82D9-48A1F6F0DB17}.SingleImage|x86.Build.0 = Release|x86
		{0265FFF2-D5AD-4FDF-AC60-AABED9C17963}.CD_ROM|Any CPU.ActiveCfg = Release|Any CPU
		{0265FFF2-D5AD-4FDF-AC60-AABED9C17963}.CD_ROM|Any CPU.Build.0 = Release|Any CPU
		{0265FFF2-D5AD-4FDF-AC60-AABED9C17963}.CD_ROM|x64.ActiveCfg = Release|x64
		{0265FFF2-D5AD-4FDF-AC60-AABED9C17963}.CD_ROM|x64.Build.0 = Release|x64
		{0265FFF2-D5AD-4FDF-AC60-AABED9C17963}.CD_ROM|x86.ActiveCfg = Release|x86
		{0265FFF2-D5AD-4FDF-AC60-AABED9C17963}.CD_ROM|x86.Build.0 = Release|x86
		{0265FFF2-D5AD-4FDF-AC60-AABED9C17963}.Debug|Any CPU.ActiveCfg = Debug|Any CPU
		{0265FFF2-D5AD-4FDF-AC60-AABED9C17963}.Debug|Any CPU.Build.0 = Debug|Any CPU
		{0265FFF2-D5AD-4FDF-AC60-AABED9C17963}.Debug|x64.ActiveCfg = Debug|x64
		{0265FFF2-D5AD-4FDF-AC60-AABED9C17963}.Debug|x64.Build.0 = Debug|x64
		{0265FFF2-D5AD-4FDF-AC60-AABED9C17963}.Debug|x86.ActiveCfg = Debug|x86
		{0265FFF2-D5AD-4FDF-AC60-AABED9C17963}.Debug|x86.Build.0 = Debug|x86
		{0265FFF2-D5AD-4FDF-AC60-AABED9C17963}.DVD-5|Any CPU.ActiveCfg = Debug|Any CPU
		{0265FFF2-D5AD-4FDF-AC60-AABED9C17963}.DVD-5|Any CPU.Build.0 = Debug|Any CPU
		{0265FFF2-D5AD-4FDF-AC60-AABED9C17963}.DVD-5|x64.ActiveCfg = Debug|x64
		{0265FFF2-D5AD-4FDF-AC60-AABED9C17963}.DVD-5|x64.Build.0 = Debug|x64
		{0265FFF2-D5AD-4FDF-AC60-AABED9C17963}.DVD-5|x86.ActiveCfg = Debug|x86
		{0265FFF2-D5AD-4FDF-AC60-AABED9C17963}.DVD-5|x86.Build.0 = Debug|x86
		{0265FFF2-D5AD-4FDF-AC60-AABED9C17963}.Release|Any CPU.ActiveCfg = Release|Any CPU
		{0265FFF2-D5AD-4FDF-AC60-AABED9C17963}.Release|Any CPU.Build.0 = Release|Any CPU
		{0265FFF2-D5AD-4FDF-AC60-AABED9C17963}.Release|x64.ActiveCfg = Release|x64
		{0265FFF2-D5AD-4FDF-AC60-AABED9C17963}.Release|x64.Build.0 = Release|x64
		{0265FFF2-D5AD-4FDF-AC60-AABED9C17963}.Release|x86.ActiveCfg = Release|x86
		{0265FFF2-D5AD-4FDF-AC60-AABED9C17963}.Release|x86.Build.0 = Release|x86
		{0265FFF2-D5AD-4FDF-AC60-AABED9C17963}.SingleImage|Any CPU.ActiveCfg = Release|Any CPU
		{0265FFF2-D5AD-4FDF-AC60-AABED9C17963}.SingleImage|Any CPU.Build.0 = Release|Any CPU
		{0265FFF2-D5AD-4FDF-AC60-AABED9C17963}.SingleImage|x64.ActiveCfg = Release|x64
		{0265FFF2-D5AD-4FDF-AC60-AABED9C17963}.SingleImage|x64.Build.0 = Release|x64
		{0265FFF2-D5AD-4FDF-AC60-AABED9C17963}.SingleImage|x86.ActiveCfg = Release|x86
		{0265FFF2-D5AD-4FDF-AC60-AABED9C17963}.SingleImage|x86.Build.0 = Release|x86
		{3657D6FB-3F3F-40E5-89BF-18E7241D8E89}.CD_ROM|Any CPU.ActiveCfg = Release|Any CPU
		{3657D6FB-3F3F-40E5-89BF-18E7241D8E89}.CD_ROM|Any CPU.Build.0 = Release|Any CPU
		{3657D6FB-3F3F-40E5-89BF-18E7241D8E89}.CD_ROM|x64.ActiveCfg = Release|Any CPU
		{3657D6FB-3F3F-40E5-89BF-18E7241D8E89}.CD_ROM|x64.Build.0 = Release|Any CPU
		{3657D6FB-3F3F-40E5-89BF-18E7241D8E89}.CD_ROM|x86.ActiveCfg = Release|Any CPU
		{3657D6FB-3F3F-40E5-89BF-18E7241D8E89}.CD_ROM|x86.Build.0 = Release|Any CPU
		{3657D6FB-3F3F-40E5-89BF-18E7241D8E89}.Debug|Any CPU.ActiveCfg = Debug|Any CPU
		{3657D6FB-3F3F-40E5-89BF-18E7241D8E89}.Debug|Any CPU.Build.0 = Debug|Any CPU
		{3657D6FB-3F3F-40E5-89BF-18E7241D8E89}.Debug|x64.ActiveCfg = Debug|Any CPU
		{3657D6FB-3F3F-40E5-89BF-18E7241D8E89}.Debug|x64.Build.0 = Debug|Any CPU
		{3657D6FB-3F3F-40E5-89BF-18E7241D8E89}.Debug|x86.ActiveCfg = Debug|Any CPU
		{3657D6FB-3F3F-40E5-89BF-18E7241D8E89}.Debug|x86.Build.0 = Debug|Any CPU
		{3657D6FB-3F3F-40E5-89BF-18E7241D8E89}.DVD-5|Any CPU.ActiveCfg = Debug|Any CPU
		{3657D6FB-3F3F-40E5-89BF-18E7241D8E89}.DVD-5|Any CPU.Build.0 = Debug|Any CPU
		{3657D6FB-3F3F-40E5-89BF-18E7241D8E89}.DVD-5|x64.ActiveCfg = Debug|Any CPU
		{3657D6FB-3F3F-40E5-89BF-18E7241D8E89}.DVD-5|x64.Build.0 = Debug|Any CPU
		{3657D6FB-3F3F-40E5-89BF-18E7241D8E89}.DVD-5|x86.ActiveCfg = Debug|Any CPU
		{3657D6FB-3F3F-40E5-89BF-18E7241D8E89}.DVD-5|x86.Build.0 = Debug|Any CPU
		{3657D6FB-3F3F-40E5-89BF-18E7241D8E89}.Release|Any CPU.ActiveCfg = Release|Any CPU
		{3657D6FB-3F3F-40E5-89BF-18E7241D8E89}.Release|Any CPU.Build.0 = Release|Any CPU
		{3657D6FB-3F3F-40E5-89BF-18E7241D8E89}.Release|x64.ActiveCfg = Release|Any CPU
		{3657D6FB-3F3F-40E5-89BF-18E7241D8E89}.Release|x64.Build.0 = Release|Any CPU
		{3657D6FB-3F3F-40E5-89BF-18E7241D8E89}.Release|x86.ActiveCfg = Release|Any CPU
		{3657D6FB-3F3F-40E5-89BF-18E7241D8E89}.Release|x86.Build.0 = Release|Any CPU
		{3657D6FB-3F3F-40E5-89BF-18E7241D8E89}.SingleImage|Any CPU.ActiveCfg = Release|Any CPU
		{3657D6FB-3F3F-40E5-89BF-18E7241D8E89}.SingleImage|Any CPU.Build.0 = Release|Any CPU
		{3657D6FB-3F3F-40E5-89BF-18E7241D8E89}.SingleImage|x64.ActiveCfg = Release|Any CPU
		{3657D6FB-3F3F-40E5-89BF-18E7241D8E89}.SingleImage|x64.Build.0 = Release|Any CPU
		{3657D6FB-3F3F-40E5-89BF-18E7241D8E89}.SingleImage|x86.ActiveCfg = Release|Any CPU
		{3657D6FB-3F3F-40E5-89BF-18E7241D8E89}.SingleImage|x86.Build.0 = Release|Any CPU
	EndGlobalSection
	GlobalSection(SolutionProperties) = preSolution
		HideSolutionNode = FALSE
	EndGlobalSection
EndGlobal
